
Microsoft Visual Studio Solution File, Format Version 12.00
# Visual Studio Version 16
VisualStudioVersion = 16.0.30011.22
MinimumVisualStudioVersion = 10.0.40219.1
Project("{9A19103F-16F7-4668-BE54-9A1E7A4F7556}") = "eShopSolution.WebApp", "eShopSolution.WebApp\eShopSolution.WebApp.csproj", "{F05A2B18-E4D6-400B-8B23-FD4339E5188C}"
EndProject
Project("{2150E333-8FDC-42A3-9474-1A3956D46DE8}") = "Solution Items", "Solution Items", "{FEC26D2E-19EB-4B26-809A-BFCCFA799686}"
	ProjectSection(SolutionItems) = preProject
		README.md = README.md
	EndProjectSection
EndProject
Project("{FAE04EC0-301F-11D3-BF4B-00C04F79EFBC}") = "eShopSolution.Data", "eShopSolution.Data\eShopSolution.Data.csproj", "{5FE8A239-1020-4BC0-A24F-7E9BB9C208E9}"
EndProject
Project("{FAE04EC0-301F-11D3-BF4B-00C04F79EFBC}") = "eShopSolution.Application", "eShopSolution.Application\eShopSolution.Application.csproj", "{B37E70D2-7305-49DD-AFB7-FB100F1D37B6}"
EndProject
Global
	GlobalSection(SolutionConfigurationPlatforms) = preSolution
		Debug|Any CPU = Debug|Any CPU
		Release|Any CPU = Release|Any CPU
	EndGlobalSection
	GlobalSection(ProjectConfigurationPlatforms) = postSolution
		{F05A2B18-E4D6-400B-8B23-FD4339E5188C}.Debug|Any CPU.ActiveCfg = Debug|Any CPU
		{F05A2B18-E4D6-400B-8B23-FD4339E5188C}.Debug|Any CPU.Build.0 = Debug|Any CPU
		{F05A2B18-E4D6-400B-8B23-FD4339E5188C}.Release|Any CPU.ActiveCfg = Release|Any CPU
		{F05A2B18-E4D6-400B-8B23-FD4339E5188C}.Release|Any CPU.Build.0 = Release|Any CPU
		{5FE8A239-1020-4BC0-A24F-7E9BB9C208E9}.Debug|Any CPU.ActiveCfg = Debug|Any CPU
		{5FE8A239-1020-4BC0-A24F-7E9BB9C208E9}.Debug|Any CPU.Build.0 = Debug|Any CPU
		{5FE8A239-1020-4BC0-A24F-7E9BB9C208E9}.Release|Any CPU.ActiveCfg = Release|Any CPU
		{5FE8A239-1020-4BC0-A24F-7E9BB9C208E9}.Release|Any CPU.Build.0 = Release|Any CPU
		{B37E70D2-7305-49DD-AFB7-FB100F1D37B6}.Debug|Any CPU.ActiveCfg = Debug|Any CPU
		{B37E70D2-7305-49DD-AFB7-FB100F1D37B6}.Debug|Any CPU.Build.0 = Debug|Any CPU
		{B37E70D2-7305-49DD-AFB7-FB100F1D37B6}.Release|Any CPU.ActiveCfg = Release|Any CPU
		{B37E70D2-7305-49DD-AFB7-FB100F1D37B6}.Release|Any CPU.Build.0 = Release|Any CPU
	EndGlobalSection
	GlobalSection(SolutionProperties) = preSolution
		HideSolutionNode = FALSE
	EndGlobalSection
	GlobalSection(ExtensibilityGlobals) = postSolution
		SolutionGuid = {A307A362-713B-455E-9119-51E312BFB933}
	EndGlobalSection
EndGlobal
